
Microsoft Visual Studio Solution File, Format Version 12.00
# Visual Studio Version 17
VisualStudioVersion = 17.13.35825.156 d17.13
MinimumVisualStudioVersion = 10.0.40219.1
Project("{8BC9CEB8-8B4A-11D0-8D11-00A0C91BC942}") = "Exercise01", "Exercise01\Exercise01.vcxproj", "{2289EB48-8498-4CD2-AFC9-39F52F9A8144}"
EndProject
Global
	GlobalSection(SolutionConfigurationPlatforms) = preSolution
		Debug|x64 = Debug|x64
		Debug|x86 = Debug|x86
		Release|x64 = Release|x64
		Release|x86 = Release|x86
	EndGlobalSection
	GlobalSection(ProjectConfigurationPlatforms) = postSolution
		{2289EB48-8498-4CD2-AFC9-39F52F9A8144}.Debug|x64.ActiveCfg = Debug|x64
		{2289EB48-8498-4CD2-AFC9-39F52F9A8144}.Debug|x64.Build.0 = Debug|x64
		{2289EB48-8498-4CD2-AFC9-39F52F9A8144}.Debug|x86.ActiveCfg = Debug|Win32
		{2289EB48-8498-4CD2-AFC9-39F52F9A8144}.Debug|x86.Build.0 = Debug|Win32
		{2289EB48-8498-4CD2-AFC9-39F52F9A8144}.Release|x64.ActiveCfg = Release|x64
		{2289EB48-8498-4CD2-AFC9-39F52F9A8144}.Release|x64.Build.0 = Release|x64
		{2289EB48-8498-4CD2-AFC9-39F52F9A8144}.Release|x86.ActiveCfg = Release|Win32
		{2289EB48-8498-4CD2-AFC9-39F52F9A8144}.Release|x86.Build.0 = Release|Win32
	EndGlobalSection
	GlobalSection(SolutionProperties) = preSolution
		HideSolutionNode = FALSE
	EndGlobalSection
	GlobalSection(ExtensibilityGlobals) = postSolution
		SolutionGuid = {A4E462FF-76F4-4250-A2BC-401701E353A5}
	EndGlobalSection
EndGlobal
